
Microsoft Visual Studio Solution File, Format Version 12.00
# Visual Studio Version 16
VisualStudioVersion = 16.0.30404.54
MinimumVisualStudioVersion = 10.0.40219.1
Project("{9A19103F-16F7-4668-BE54-9A1E7A4F7556}") = "vm", "src\vm\vm.csproj", "{8457EB76-DB5D-4EFE-8A7C-DF84297D45C8}"
EndProject
Project("{9A19103F-16F7-4668-BE54-9A1E7A4F7556}") = "host", "src\host\host.csproj", "{DE00D05A-46C0-4228-8281-D813965341EC}"
EndProject
Project("{9A19103F-16F7-4668-BE54-9A1E7A4F7556}") = "vm-base-test", "src\test\vm-base-test\vm-base-test.csproj", "{19B3FD51-005B-4EEE-B8AF-BA18D726638A}"
EndProject
Project("{FAE04EC0-301F-11D3-BF4B-00C04F79EFBC}") = "nekoc", "src\tools\nekoc\nekoc.csproj", "{CBE795D2-7B02-49CB-AAE5-B13BC9F56420}"
EndProject
Global
	GlobalSection(SolutionConfigurationPlatforms) = preSolution
		Debug|Any CPU = Debug|Any CPU
		Release|Any CPU = Release|Any CPU
	EndGlobalSection
	GlobalSection(ProjectConfigurationPlatforms) = postSolution
		{8457EB76-DB5D-4EFE-8A7C-DF84297D45C8}.Debug|Any CPU.ActiveCfg = Debug|Any CPU
		{8457EB76-DB5D-4EFE-8A7C-DF84297D45C8}.Debug|Any CPU.Build.0 = Debug|Any CPU
		{8457EB76-DB5D-4EFE-8A7C-DF84297D45C8}.Release|Any CPU.ActiveCfg = Release|Any CPU
		{8457EB76-DB5D-4EFE-8A7C-DF84297D45C8}.Release|Any CPU.Build.0 = Release|Any CPU
		{DE00D05A-46C0-4228-8281-D813965341EC}.Debug|Any CPU.ActiveCfg = Debug|Any CPU
		{DE00D05A-46C0-4228-8281-D813965341EC}.Debug|Any CPU.Build.0 = Debug|Any CPU
		{DE00D05A-46C0-4228-8281-D813965341EC}.Release|Any CPU.ActiveCfg = Release|Any CPU
		{DE00D05A-46C0-4228-8281-D813965341EC}.Release|Any CPU.Build.0 = Release|Any CPU
		{19B3FD51-005B-4EEE-B8AF-BA18D726638A}.Debug|Any CPU.ActiveCfg = Debug|Any CPU
		{19B3FD51-005B-4EEE-B8AF-BA18D726638A}.Debug|Any CPU.Build.0 = Debug|Any CPU
		{19B3FD51-005B-4EEE-B8AF-BA18D726638A}.Release|Any CPU.ActiveCfg = Release|Any CPU
		{19B3FD51-005B-4EEE-B8AF-BA18D726638A}.Release|Any CPU.Build.0 = Release|Any CPU
		{CBE795D2-7B02-49CB-AAE5-B13BC9F56420}.Debug|Any CPU.ActiveCfg = Debug|Any CPU
		{CBE795D2-7B02-49CB-AAE5-B13BC9F56420}.Debug|Any CPU.Build.0 = Debug|Any CPU
		{CBE795D2-7B02-49CB-AAE5-B13BC9F56420}.Release|Any CPU.ActiveCfg = Release|Any CPU
		{CBE795D2-7B02-49CB-AAE5-B13BC9F56420}.Release|Any CPU.Build.0 = Release|Any CPU
	EndGlobalSection
	GlobalSection(SolutionProperties) = preSolution
		HideSolutionNode = FALSE
	EndGlobalSection
	GlobalSection(ExtensibilityGlobals) = postSolution
		SolutionGuid = {6457CFCB-E602-4BD3-A2B7-BC1CF36C13F7}
	EndGlobalSection
EndGlobal
